# This file is automatically @generated by Cargo.
# It is not intended for manual editing.
version = 3

[[package]]
name = "conllu"
version = "0.1.0"
dependencies = [
 "english-rules",
 "parser-core",
]

[[package]]
name = "engine-cli"
version = "0.1.0"
dependencies = [
 "conllu",
 "english-rules",
 "parser-core",
]

[[package]]
name = "english-rules"
version = "0.1.0"
dependencies = [
 "parser-core",
]

[[package]]
name = "parser-core"
version = "0.1.0"
